
Microsoft Visual Studio Solution File, Format Version 12.00
# Visual Studio Version 16
VisualStudioVersion = 16.0.30717.126
MinimumVisualStudioVersion = 10.0.40219.1
Project("{FAE04EC0-301F-11D3-BF4B-00C04F79EFBC}") = "ElBuenSabor", "ElBuenSabor\ElBuenSabor.csproj", "{8A8A960D-6DEE-40CE-B47A-44CDCA683A94}"
EndProject
Global
	GlobalSection(SolutionConfigurationPlatforms) = preSolution
		Debug|Any CPU = Debug|Any CPU
		Release|Any CPU = Release|Any CPU
	EndGlobalSection
	GlobalSection(ProjectConfigurationPlatforms) = postSolution
		{8A8A960D-6DEE-40CE-B47A-44CDCA683A94}.Debug|Any CPU.ActiveCfg = Debug|Any CPU
		{8A8A960D-6DEE-40CE-B47A-44CDCA683A94}.Debug|Any CPU.Build.0 = Debug|Any CPU
		{8A8A960D-6DEE-40CE-B47A-44CDCA683A94}.Release|Any CPU.ActiveCfg = Release|Any CPU
		{8A8A960D-6DEE-40CE-B47A-44CDCA683A94}.Release|Any CPU.Build.0 = Release|Any CPU
	EndGlobalSection
	GlobalSection(SolutionProperties) = preSolution
		HideSolutionNode = FALSE
	EndGlobalSection
	GlobalSection(ExtensibilityGlobals) = postSolution
		SolutionGuid = {5C68071B-7E9C-4F42-9C23-FFF3BE4D1358}
	EndGlobalSection
EndGlobal
